
Microsoft Visual Studio Solution File, Format Version 12.00
# Visual Studio Version 16
VisualStudioVersion = 16.0.30804.86
MinimumVisualStudioVersion = 10.0.40219.1
Project("{FAE04EC0-301F-11D3-BF4B-00C04F79EFBC}") = "Toyota", "Toyota.csproj", "{46550625-965B-4880-BC35-B05F01C1A361}"
EndProject
Global
	GlobalSection(SolutionConfigurationPlatforms) = preSolution
		Debug|Any CPU = Debug|Any CPU
		Release|Any CPU = Release|Any CPU
	EndGlobalSection
	GlobalSection(ProjectConfigurationPlatforms) = postSolution
		{46550625-965B-4880-BC35-B05F01C1A361}.Debug|Any CPU.ActiveCfg = Debug|Any CPU
		{46550625-965B-4880-BC35-B05F01C1A361}.Debug|Any CPU.Build.0 = Debug|Any CPU
		{46550625-965B-4880-BC35-B05F01C1A361}.Release|Any CPU.ActiveCfg = Release|Any CPU
		{46550625-965B-4880-BC35-B05F01C1A361}.Release|Any CPU.Build.0 = Release|Any CPU
	EndGlobalSection
	GlobalSection(SolutionProperties) = preSolution
		HideSolutionNode = FALSE
	EndGlobalSection
	GlobalSection(ExtensibilityGlobals) = postSolution
		SolutionGuid = {D108ED83-7807-4BD6-A06E-C1E091801DE8}
	EndGlobalSection
EndGlobal
